// !$*UTF8*$!
{
	archiveVersion = 1;
	classes = {
	};
	objectVersion = 46;
	objects = {

/* Begin PBXBuildFile section */
		D616CBCE1D3E7DDF005159AE /* GHZProductDetailViewController.swift in Sources */ = {isa = PBXBuildFile; fileRef = D616CBCD1D3E7DDF005159AE /* GHZProductDetailViewController.swift */; };
		D6493B061D3E52F0000E0A29 /* GHZLoadProgressView.swift in Sources */ = {isa = PBXBuildFile; fileRef = D6493B051D3E52F0000E0A29 /* GHZLoadProgressView.swift */; };
		D662428D1D3E2CF1003AFD30 /* UIColor+Extension.swift in Sources */ = {isa = PBXBuildFile; fileRef = D662428C1D3E2CF1003AFD30 /* UIColor+Extension.swift */; };
		D662428F1D3E3E66003AFD30 /* GHZHomeHotView.swift in Sources */ = {isa = PBXBuildFile; fileRef = D662428E1D3E3E66003AFD30 /* GHZHomeHotView.swift */; };
		D66242911D3E41BC003AFD30 /* GHZHomeHotIconImageView.swift in Sources */ = {isa = PBXBuildFile; fileRef = D66242901D3E41BC003AFD30 /* GHZHomeHotIconImageView.swift */; };
		D67E2C821D3D1BF100F9CC73 /* GHZCycleScrollView.swift in Sources */ = {isa = PBXBuildFile; fileRef = D67E2C811D3D1BF100F9CC73 /* GHZCycleScrollView.swift */; };
		D67E2C841D3D1D4300F9CC73 /* GHZHeaderData.swift in Sources */ = {isa = PBXBuildFile; fileRef = D67E2C831D3D1D4300F9CC73 /* GHZHeaderData.swift */; };
		D67E2C861D3D269500F9CC73 /* GHZ_Extension.swift in Sources */ = {isa = PBXBuildFile; fileRef = D67E2C851D3D269500F9CC73 /* GHZ_Extension.swift */; };
		D68D18161D3CFCF100FD1B53 /* GHZHomeWebViewController.swift in Sources */ = {isa = PBXBuildFile; fileRef = D68D18151D3CFCF100FD1B53 /* GHZHomeWebViewController.swift */; };
		D69494AE1D3BAF1D007B6FBD /* AppDelegate.swift in Sources */ = {isa = PBXBuildFile; fileRef = D69494AD1D3BAF1D007B6FBD /* AppDelegate.swift */; };
		D69494B31D3BAF1D007B6FBD /* Main.storyboard in Resources */ = {isa = PBXBuildFile; fileRef = D69494B11D3BAF1D007B6FBD /* Main.storyboard */; };
		D69494B51D3BAF1E007B6FBD /* Assets.xcassets in Resources */ = {isa = PBXBuildFile; fileRef = D69494B41D3BAF1E007B6FBD /* Assets.xcassets */; };
		D69494B81D3BAF1E007B6FBD /* LaunchScreen.storyboard in Resources */ = {isa = PBXBuildFile; fileRef = D69494B61D3BAF1E007B6FBD /* LaunchScreen.storyboard */; };
		D69494DC1D3BAF71007B6FBD /* AD in Resources */ = {isa = PBXBuildFile; fileRef = D69494CA1D3BAF70007B6FBD /* AD */; };
		D69494DD1D3BAF71007B6FBD /* FocusURL.plist in Resources */ = {isa = PBXBuildFile; fileRef = D69494CB1D3BAF70007B6FBD /* FocusURL.plist */; };
		D69494DE1D3BAF71007B6FBD /* HelpPlist.plist in Resources */ = {isa = PBXBuildFile; fileRef = D69494CC1D3BAF70007B6FBD /* HelpPlist.plist */; };
		D69494DF1D3BAF71007B6FBD /* Mine in Resources */ = {isa = PBXBuildFile; fileRef = D69494CD1D3BAF70007B6FBD /* Mine */; };
		D69494E01D3BAF71007B6FBD /* MinePlist.plist in Resources */ = {isa = PBXBuildFile; fileRef = D69494CE1D3BAF70007B6FBD /* MinePlist.plist */; };
		D69494E11D3BAF71007B6FBD /* MyAdress in Resources */ = {isa = PBXBuildFile; fileRef = D69494CF1D3BAF70007B6FBD /* MyAdress */; };
		D69494E21D3BAF71007B6FBD /* MyCoupon in Resources */ = {isa = PBXBuildFile; fileRef = D69494D01D3BAF70007B6FBD /* MyCoupon */; };
		D69494E31D3BAF71007B6FBD /* MyOrders in Resources */ = {isa = PBXBuildFile; fileRef = D69494D11D3BAF70007B6FBD /* MyOrders */; };
		D69494E41D3BAF71007B6FBD /* Search in Resources */ = {isa = PBXBuildFile; fileRef = D69494D21D3BAF71007B6FBD /* Search */; };
		D69494E51D3BAF71007B6FBD /* SearchProduct in Resources */ = {isa = PBXBuildFile; fileRef = D69494D31D3BAF71007B6FBD /* SearchProduct */; };
		D69494E61D3BAF71007B6FBD /* supermarket in Resources */ = {isa = PBXBuildFile; fileRef = D69494D41D3BAF71007B6FBD /* supermarket */; };
		D69494E71D3BAF71007B6FBD /* SystemMessage in Resources */ = {isa = PBXBuildFile; fileRef = D69494D51D3BAF71007B6FBD /* SystemMessage */; };
		D69494E81D3BAF71007B6FBD /* UserMessage in Resources */ = {isa = PBXBuildFile; fileRef = D69494D61D3BAF71007B6FBD /* UserMessage */; };
		D69494E91D3BAF71007B6FBD /* 促销 in Resources */ = {isa = PBXBuildFile; fileRef = D69494D71D3BAF71007B6FBD /* 促销 */; };
		D69494EA1D3BAF71007B6FBD /* 系统消息 in Resources */ = {isa = PBXBuildFile; fileRef = D69494D81D3BAF71007B6FBD /* 系统消息 */; };
		D69494EB1D3BAF71007B6FBD /* 首页新鲜热卖 in Resources */ = {isa = PBXBuildFile; fileRef = D69494D91D3BAF71007B6FBD /* 首页新鲜热卖 */; };
		D69494EC1D3BAF71007B6FBD /* 首页焦点按钮 in Resources */ = {isa = PBXBuildFile; fileRef = D69494DA1D3BAF71007B6FBD /* 首页焦点按钮 */; };
		D6A452401D3BB0F4008B4B3C /* GHZBaseViewController.swift in Sources */ = {isa = PBXBuildFile; fileRef = D6A4523F1D3BB0F4008B4B3C /* GHZBaseViewController.swift */; };
		D6A452421D3BB18E008B4B3C /* GHZNavViewController.swift in Sources */ = {isa = PBXBuildFile; fileRef = D6A452411D3BB18E008B4B3C /* GHZNavViewController.swift */; };
		D6A452461D3BB30B008B4B3C /* Public.swift in Sources */ = {isa = PBXBuildFile; fileRef = D6A452451D3BB30B008B4B3C /* Public.swift */; };
		D6A452481D3BB498008B4B3C /* GHZHomePageController.swift in Sources */ = {isa = PBXBuildFile; fileRef = D6A452471D3BB498008B4B3C /* GHZHomePageController.swift */; };
		D6A4524A1D3BB4A7008B4B3C /* GHZMeController.swift in Sources */ = {isa = PBXBuildFile; fileRef = D6A452491D3BB4A7008B4B3C /* GHZMeController.swift */; };
		D6A4524C1D3BB4B6008B4B3C /* GHZShopCartController.swift in Sources */ = {isa = PBXBuildFile; fileRef = D6A4524B1D3BB4B6008B4B3C /* GHZShopCartController.swift */; };
		D6A4524E1D3BB4C9008B4B3C /* GHZSuperMarketController.swift in Sources */ = {isa = PBXBuildFile; fileRef = D6A4524D1D3BB4C9008B4B3C /* GHZSuperMarketController.swift */; };
		D6A452531D3BB8E0008B4B3C /* UIView+Extension.swift in Sources */ = {isa = PBXBuildFile; fileRef = D6A452521D3BB8E0008B4B3C /* UIView+Extension.swift */; };
		D6A452551D3BB925008B4B3C /* GHZShopCarRedDotView.swift in Sources */ = {isa = PBXBuildFile; fileRef = D6A452541D3BB925008B4B3C /* GHZShopCarRedDotView.swift */; };
		D6A452571D3BBA34008B4B3C /* GHZTabBarViewController.swift in Sources */ = {isa = PBXBuildFile; fileRef = D6A452561D3BBA34008B4B3C /* GHZTabBarViewController.swift */; };
		D6A452591D3BBADC008B4B3C /* AnimationTabBarController.swift in Sources */ = {isa = PBXBuildFile; fileRef = D6A452581D3BBADC008B4B3C /* AnimationTabBarController.swift */; };
		D6E29ADB1D3D0D3000A15AF7 /* SVProgressHUD.framework in Frameworks */ = {isa = PBXBuildFile; fileRef = D6E29ADA1D3D0D3000A15AF7 /* SVProgressHUD.framework */; };
		D6E29AE11D3D0FC600A15AF7 /* GHZHomeFooterView.swift in Sources */ = {isa = PBXBuildFile; fileRef = D6E29ADE1D3D0FC600A15AF7 /* GHZHomeFooterView.swift */; };
		D6E29AE31D3D0FC600A15AF7 /* GHZHomeHeaderView.swift in Sources */ = {isa = PBXBuildFile; fileRef = D6E29AE01D3D0FC600A15AF7 /* GHZHomeHeaderView.swift */; };
		D6E29AE61D3D101F00A15AF7 /* GHZHomeCollectionViewCell.swift in Sources */ = {isa = PBXBuildFile; fileRef = D6E29AE41D3D101F00A15AF7 /* GHZHomeCollectionViewCell.swift */; };
		D6EA9FD21D3BBEA8005A1093 /* UMSocialLocalizable.strings in Resources */ = {isa = PBXBuildFile; fileRef = D6EA9FB81D3BBEA8005A1093 /* UMSocialLocalizable.strings */; };
		D6EA9FD31D3BBEA8005A1093 /* libUMSocial_Sdk_5.2.1.a in Frameworks */ = {isa = PBXBuildFile; fileRef = D6EA9FC61D3BBEA8005A1093 /* libUMSocial_Sdk_5.2.1.a */; };
		D6EA9FD41D3BBEA8005A1093 /* UMSCommentDetailController.xib in Resources */ = {isa = PBXBuildFile; fileRef = D6EA9FC81D3BBEA8005A1093 /* UMSCommentDetailController.xib */; };
		D6EA9FD51D3BBEA8005A1093 /* UMSCommentInputController.xib in Resources */ = {isa = PBXBuildFile; fileRef = D6EA9FC91D3BBEA8005A1093 /* UMSCommentInputController.xib */; };
		D6EA9FD61D3BBEA8005A1093 /* UMSCommentInputControlleriPad.xib in Resources */ = {isa = PBXBuildFile; fileRef = D6EA9FCA1D3BBEA8005A1093 /* UMSCommentInputControlleriPad.xib */; };
		D6EA9FD71D3BBEA8005A1093 /* UMShareEditViewController.xib in Resources */ = {isa = PBXBuildFile; fileRef = D6EA9FCB1D3BBEA8005A1093 /* UMShareEditViewController.xib */; };
		D6EA9FD81D3BBEA8005A1093 /* UMShareEditViewControlleriPad.xib in Resources */ = {isa = PBXBuildFile; fileRef = D6EA9FCC1D3BBEA8005A1093 /* UMShareEditViewControlleriPad.xib */; };
		D6EA9FD91D3BBEA8005A1093 /* UMSLoginViewController.xib in Resources */ = {isa = PBXBuildFile; fileRef = D6EA9FCD1D3BBEA8005A1093 /* UMSLoginViewController.xib */; };
		D6EA9FDA1D3BBEA8005A1093 /* UMSnsAccountViewController.xib in Resources */ = {isa = PBXBuildFile; fileRef = D6EA9FCE1D3BBEA8005A1093 /* UMSnsAccountViewController.xib */; };
		D6EA9FDB1D3BBEA8005A1093 /* UMSShareListController.xib in Resources */ = {isa = PBXBuildFile; fileRef = D6EA9FCF1D3BBEA8005A1093 /* UMSShareListController.xib */; };
		D6EA9FDC1D3BBEA8005A1093 /* UMSocialSDKResourcesNew.bundle in Resources */ = {isa = PBXBuildFile; fileRef = D6EA9FD01D3BBEA8005A1093 /* UMSocialSDKResourcesNew.bundle */; };
		D6EA9FFB1D3BBEBA005A1093 /* libSocialSinaSSO.a in Frameworks */ = {isa = PBXBuildFile; fileRef = D6EA9FDF1D3BBEBA005A1093 /* libSocialSinaSSO.a */; };
		D6EA9FFC1D3BBEBA005A1093 /* libWeiboSDK.a in Frameworks */ = {isa = PBXBuildFile; fileRef = D6EA9FE01D3BBEBA005A1093 /* libWeiboSDK.a */; };
		D6EA9FFD1D3BBEBA005A1093 /* WeiboSDK.bundle in Resources */ = {isa = PBXBuildFile; fileRef = D6EA9FEB1D3BBEBA005A1093 /* WeiboSDK.bundle */; };
		D6EA9FFE1D3BBEBA005A1093 /* libSocialQQ.a in Frameworks */ = {isa = PBXBuildFile; fileRef = D6EA9FEF1D3BBEBA005A1093 /* libSocialQQ.a */; };
		D6EA9FFF1D3BBEBA005A1093 /* TencentOpenAPI.framework in Frameworks */ = {isa = PBXBuildFile; fileRef = D6EA9FF01D3BBEBA005A1093 /* TencentOpenAPI.framework */; };
		D6EAA0001D3BBEBA005A1093 /* TencentOpenApi_IOS_Bundle.bundle in Resources */ = {isa = PBXBuildFile; fileRef = D6EA9FF11D3BBEBA005A1093 /* TencentOpenApi_IOS_Bundle.bundle */; };
		D6EAA0011D3BBEBA005A1093 /* libSocialWechat.a in Frameworks */ = {isa = PBXBuildFile; fileRef = D6EA9FF41D3BBEBA005A1093 /* libSocialWechat.a */; };
		D6EAA0021D3BBEBA005A1093 /* libWeChatSDK.a in Frameworks */ = {isa = PBXBuildFile; fileRef = D6EA9FF51D3BBEBA005A1093 /* libWeChatSDK.a */; };
		D6EAA0031D3BBEBA005A1093 /* README.txt in Resources */ = {isa = PBXBuildFile; fileRef = D6EA9FF61D3BBEBA005A1093 /* README.txt */; };
		D6FADE1F1D3DC80E00305104 /* GHZAnimationViewController.swift in Sources */ = {isa = PBXBuildFile; fileRef = D6FADE1E1D3DC80E00305104 /* GHZAnimationViewController.swift */; };
		D6FADE251D3DDA5B00305104 /* GHZAddressData.swift in Sources */ = {isa = PBXBuildFile; fileRef = D6FADE241D3DDA5B00305104 /* GHZAddressData.swift */; };
		D6FADE271D3DDB6800305104 /* GHZUserInfo.swift in Sources */ = {isa = PBXBuildFile; fileRef = D6FADE261D3DDB6800305104 /* GHZUserInfo.swift */; };
		D6FADE291D3DFF1000305104 /* UIBarButtonItem+Extension.swift in Sources */ = {isa = PBXBuildFile; fileRef = D6FADE281D3DFF1000305104 /* UIBarButtonItem+Extension.swift */; };
		D6FADE2B1D3E007500305104 /* GHZCustomButton.swift in Sources */ = {isa = PBXBuildFile; fileRef = D6FADE2A1D3E007500305104 /* GHZCustomButton.swift */; };
		D6FADE2D1D3E104200305104 /* GHZAddressTitleView.swift in Sources */ = {isa = PBXBuildFile; fileRef = D6FADE2C1D3E104200305104 /* GHZAddressTitleView.swift */; };
		D6FADE2F1D3E1BB400305104 /* GHZSeletedAddressViewController.swift in Sources */ = {isa = PBXBuildFile; fileRef = D6FADE2E1D3E1BB400305104 /* GHZSeletedAddressViewController.swift */; };
		D6FADE321D3E20C800305104 /* GHZSearchProductViewController.swift in Sources */ = {isa = PBXBuildFile; fileRef = D6FADE311D3E20C800305104 /* GHZSearchProductViewController.swift */; };
		D6FADE341D3E20EE00305104 /* GHZQRCodeViewController.swift in Sources */ = {isa = PBXBuildFile; fileRef = D6FADE331D3E20EE00305104 /* GHZQRCodeViewController.swift */; };
		D6FADE361D3E210500305104 /* GHZMyAddressViewController.swift in Sources */ = {isa = PBXBuildFile; fileRef = D6FADE351D3E210500305104 /* GHZMyAddressViewController.swift */; };
		D6FADE391D3E24A100305104 /* GHZCustomCollectionView.swift in Sources */ = {isa = PBXBuildFile; fileRef = D6FADE381D3E24A100305104 /* GHZCustomCollectionView.swift */; };
		D6FADE3B1D3E273700305104 /* GHZHomePageFreshHot.swift in Sources */ = {isa = PBXBuildFile; fileRef = D6FADE3A1D3E273700305104 /* GHZHomePageFreshHot.swift */; };
		F3233A8539534A457FAEE2B7 /* Pods_GHZSwiftB.framework in Frameworks */ = {isa = PBXBuildFile; fileRef = 388B0350FFA0DE6B061E2F32 /* Pods_GHZSwiftB.framework */; };
/* End PBXBuildFile section */

/* Begin PBXFileReference section */
		388B0350FFA0DE6B061E2F32 /* Pods_GHZSwiftB.framework */ = {isa = PBXFileReference; explicitFileType = wrapper.framework; includeInIndex = 0; path = Pods_GHZSwiftB.framework; sourceTree = BUILT_PRODUCTS_DIR; };
		5A067F511DF8BE10D385DB83 /* Pods-GHZSwiftB.debug.xcconfig */ = {isa = PBXFileReference; includeInIndex = 1; lastKnownFileType = text.xcconfig; name = "Pods-GHZSwiftB.debug.xcconfig"; path = "Pods/Target Support Files/Pods-GHZSwiftB/Pods-GHZSwiftB.debug.xcconfig"; sourceTree = "<group>"; };
		C8A48957AF03767A6910746D /* Pods-GHZSwiftB.release.xcconfig */ = {isa = PBXFileReference; includeInIndex = 1; lastKnownFileType = text.xcconfig; name = "Pods-GHZSwiftB.release.xcconfig"; path = "Pods/Target Support Files/Pods-GHZSwiftB/Pods-GHZSwiftB.release.xcconfig"; sourceTree = "<group>"; };
		D616CBCD1D3E7DDF005159AE /* GHZProductDetailViewController.swift */ = {isa = PBXFileReference; fileEncoding = 4; lastKnownFileType = sourcecode.swift; path = GHZProductDetailViewController.swift; sourceTree = "<group>"; };
		D620A90E1D3DC20B00535929 /* SDWebImage.framework */ = {isa = PBXFileReference; lastKnownFileType = wrapper.framework; name = SDWebImage.framework; path = "../../../Library/Developer/Xcode/DerivedData/GHZSwiftB-cihgwxysypndnyghzssizlzhbwuv/Build/Products/Debug-iphonesimulator/SDWebImage/SDWebImage.framework"; sourceTree = "<group>"; };
		D6493B051D3E52F0000E0A29 /* GHZLoadProgressView.swift */ = {isa = PBXFileReference; fileEncoding = 4; lastKnownFileType = sourcecode.swift; path = GHZLoadProgressView.swift; sourceTree = "<group>"; };
		D662428C1D3E2CF1003AFD30 /* UIColor+Extension.swift */ = {isa = PBXFileReference; fileEncoding = 4; lastKnownFileType = sourcecode.swift; path = "UIColor+Extension.swift"; sourceTree = "<group>"; };
		D662428E1D3E3E66003AFD30 /* GHZHomeHotView.swift */ = {isa = PBXFileReference; fileEncoding = 4; lastKnownFileType = sourcecode.swift; path = GHZHomeHotView.swift; sourceTree = "<group>"; };
		D66242901D3E41BC003AFD30 /* GHZHomeHotIconImageView.swift */ = {isa = PBXFileReference; fileEncoding = 4; lastKnownFileType = sourcecode.swift; path = GHZHomeHotIconImageView.swift; sourceTree = "<group>"; };
		D67E2C811D3D1BF100F9CC73 /* GHZCycleScrollView.swift */ = {isa = PBXFileReference; fileEncoding = 4; lastKnownFileType = sourcecode.swift; path = GHZCycleScrollView.swift; sourceTree = "<group>"; };
		D67E2C831D3D1D4300F9CC73 /* GHZHeaderData.swift */ = {isa = PBXFileReference; fileEncoding = 4; lastKnownFileType = sourcecode.swift; path = GHZHeaderData.swift; sourceTree = "<group>"; };
		D67E2C851D3D269500F9CC73 /* GHZ_Extension.swift */ = {isa = PBXFileReference; fileEncoding = 4; lastKnownFileType = sourcecode.swift; path = GHZ_Extension.swift; sourceTree = "<group>"; };
		D68D18151D3CFCF100FD1B53 /* GHZHomeWebViewController.swift */ = {isa = PBXFileReference; fileEncoding = 4; lastKnownFileType = sourcecode.swift; path = GHZHomeWebViewController.swift; sourceTree = "<group>"; };
		D69494AA1D3BAF1D007B6FBD /* GHZSwiftB.app */ = {isa = PBXFileReference; explicitFileType = wrapper.application; includeInIndex = 0; path = GHZSwiftB.app; sourceTree = BUILT_PRODUCTS_DIR; };
		D69494AD1D3BAF1D007B6FBD /* AppDelegate.swift */ = {isa = PBXFileReference; lastKnownFileType = sourcecode.swift; path = AppDelegate.swift; sourceTree = "<group>"; };
		D69494B21D3BAF1D007B6FBD /* Base */ = {isa = PBXFileReference; lastKnownFileType = file.storyboard; name = Base; path = Base.lproj/Main.storyboard; sourceTree = "<group>"; };
		D69494B41D3BAF1E007B6FBD /* Assets.xcassets */ = {isa = PBXFileReference; lastKnownFileType = folder.assetcatalog; path = Assets.xcassets; sourceTree = "<group>"; };
		D69494B71D3BAF1E007B6FBD /* Base */ = {isa = PBXFileReference; lastKnownFileType = file.storyboard; name = Base; path = Base.lproj/LaunchScreen.storyboard; sourceTree = "<group>"; };
		D69494B91D3BAF1E007B6FBD /* Info.plist */ = {isa = PBXFileReference; lastKnownFileType = text.plist.xml; path = Info.plist; sourceTree = "<group>"; };
		D69494CA1D3BAF70007B6FBD /* AD */ = {isa = PBXFileReference; fileEncoding = 4; lastKnownFileType = text; path = AD; sourceTree = "<group>"; };
		D69494CB1D3BAF70007B6FBD /* FocusURL.plist */ = {isa = PBXFileReference; fileEncoding = 4; lastKnownFileType = text.plist.xml; path = FocusURL.plist; sourceTree = "<group>"; };
		D69494CC1D3BAF70007B6FBD /* HelpPlist.plist */ = {isa = PBXFileReference; fileEncoding = 4; lastKnownFileType = text.plist.xml; path = HelpPlist.plist; sourceTree = "<group>"; };
		D69494CD1D3BAF70007B6FBD /* Mine */ = {isa = PBXFileReference; fileEncoding = 4; lastKnownFileType = text; path = Mine; sourceTree = "<group>"; };
		D69494CE1D3BAF70007B6FBD /* MinePlist.plist */ = {isa = PBXFileReference; fileEncoding = 4; lastKnownFileType = text.plist.xml; path = MinePlist.plist; sourceTree = "<group>"; };
		D69494CF1D3BAF70007B6FBD /* MyAdress */ = {isa = PBXFileReference; fileEncoding = 4; lastKnownFileType = text; path = MyAdress; sourceTree = "<group>"; };
		D69494D01D3BAF70007B6FBD /* MyCoupon */ = {isa = PBXFileReference; fileEncoding = 4; lastKnownFileType = text; path = MyCoupon; sourceTree = "<group>"; };
		D69494D11D3BAF70007B6FBD /* MyOrders */ = {isa = PBXFileReference; fileEncoding = 4; lastKnownFileType = text; path = MyOrders; sourceTree = "<group>"; };
		D69494D21D3BAF71007B6FBD /* Search */ = {isa = PBXFileReference; fileEncoding = 4; lastKnownFileType = text; path = Search; sourceTree = "<group>"; };
		D69494D31D3BAF71007B6FBD /* SearchProduct */ = {isa = PBXFileReference; fileEncoding = 4; lastKnownFileType = text; path = SearchProduct; sourceTree = "<group>"; };
		D69494D41D3BAF71007B6FBD /* supermarket */ = {isa = PBXFileReference; fileEncoding = 4; lastKnownFileType = text; path = supermarket; sourceTree = "<group>"; };
		D69494D51D3BAF71007B6FBD /* SystemMessage */ = {isa = PBXFileReference; fileEncoding = 4; lastKnownFileType = text; path = SystemMessage; sourceTree = "<group>"; };
		D69494D61D3BAF71007B6FBD /* UserMessage */ = {isa = PBXFileReference; fileEncoding = 4; lastKnownFileType = text; path = UserMessage; sourceTree = "<group>"; };
		D69494D71D3BAF71007B6FBD /* 促销 */ = {isa = PBXFileReference; fileEncoding = 4; lastKnownFileType = text; path = "促销"; sourceTree = "<group>"; };
		D69494D81D3BAF71007B6FBD /* 系统消息 */ = {isa = PBXFileReference; fileEncoding = 4; lastKnownFileType = text; path = "系统消息"; sourceTree = "<group>"; };
		D69494D91D3BAF71007B6FBD /* 首页新鲜热卖 */ = {isa = PBXFileReference; fileEncoding = 4; lastKnownFileType = text; path = "首页新鲜热卖"; sourceTree = "<group>"; };
		D69494DA1D3BAF71007B6FBD /* 首页焦点按钮 */ = {isa = PBXFileReference; fileEncoding = 4; lastKnownFileType = text; path = "首页焦点按钮"; sourceTree = "<group>"; };
		D6A4523B1D3BB0C2008B4B3C /* GHZSwiftB-Bridging-Header.h */ = {isa = PBXFileReference; lastKnownFileType = sourcecode.c.h; path = "GHZSwiftB-Bridging-Header.h"; sourceTree = "<group>"; };
		D6A4523F1D3BB0F4008B4B3C /* GHZBaseViewController.swift */ = {isa = PBXFileReference; fileEncoding = 4; lastKnownFileType = sourcecode.swift; path = GHZBaseViewController.swift; sourceTree = "<group>"; };
		D6A452411D3BB18E008B4B3C /* GHZNavViewController.swift */ = {isa = PBXFileReference; fileEncoding = 4; lastKnownFileType = sourcecode.swift; path = GHZNavViewController.swift; sourceTree = "<group>"; };
		D6A452451D3BB30B008B4B3C /* Public.swift */ = {isa = PBXFileReference; fileEncoding = 4; lastKnownFileType = sourcecode.swift; path = Public.swift; sourceTree = "<group>"; };
		D6A452471D3BB498008B4B3C /* GHZHomePageController.swift */ = {isa = PBXFileReference; fileEncoding = 4; lastKnownFileType = sourcecode.swift; path = GHZHomePageController.swift; sourceTree = "<group>"; };
		D6A452491D3BB4A7008B4B3C /* GHZMeController.swift */ = {isa = PBXFileReference; fileEncoding = 4; lastKnownFileType = sourcecode.swift; path = GHZMeController.swift; sourceTree = "<group>"; };
		D6A4524B1D3BB4B6008B4B3C /* GHZShopCartController.swift */ = {isa = PBXFileReference; fileEncoding = 4; lastKnownFileType = sourcecode.swift; path = GHZShopCartController.swift; sourceTree = "<group>"; };
		D6A4524D1D3BB4C9008B4B3C /* GHZSuperMarketController.swift */ = {isa = PBXFileReference; fileEncoding = 4; lastKnownFileType = sourcecode.swift; path = GHZSuperMarketController.swift; sourceTree = "<group>"; };
		D6A452521D3BB8E0008B4B3C /* UIView+Extension.swift */ = {isa = PBXFileReference; fileEncoding = 4; lastKnownFileType = sourcecode.swift; path = "UIView+Extension.swift"; sourceTree = "<group>"; };
		D6A452541D3BB925008B4B3C /* GHZShopCarRedDotView.swift */ = {isa = PBXFileReference; fileEncoding = 4; lastKnownFileType = sourcecode.swift; path = GHZShopCarRedDotView.swift; sourceTree = "<group>"; };
		D6A452561D3BBA34008B4B3C /* GHZTabBarViewController.swift */ = {isa = PBXFileReference; fileEncoding = 4; lastKnownFileType = sourcecode.swift; path = GHZTabBarViewController.swift; sourceTree = "<group>"; };
		D6A452581D3BBADC008B4B3C /* AnimationTabBarController.swift */ = {isa = PBXFileReference; fileEncoding = 4; lastKnownFileType = sourcecode.swift; path = AnimationTabBarController.swift; sourceTree = "<group>"; };
		D6E29ADA1D3D0D3000A15AF7 /* SVProgressHUD.framework */ = {isa = PBXFileReference; lastKnownFileType = wrapper.framework; name = SVProgressHUD.framework; path = "../../../Library/Developer/Xcode/DerivedData/GHZSwiftB-cihgwxysypndnyghzssizlzhbwuv/Build/Products/Debug-iphonesimulator/SVProgressHUD/SVProgressHUD.framework"; sourceTree = "<group>"; };
		D6E29ADE1D3D0FC600A15AF7 /* GHZHomeFooterView.swift */ = {isa = PBXFileReference; fileEncoding = 4; lastKnownFileType = sourcecode.swift; path = GHZHomeFooterView.swift; sourceTree = "<group>"; };
		D6E29AE01D3D0FC600A15AF7 /* GHZHomeHeaderView.swift */ = {isa = PBXFileReference; fileEncoding = 4; lastKnownFileType = sourcecode.swift; path = GHZHomeHeaderView.swift; sourceTree = "<group>"; };
		D6E29AE41D3D101F00A15AF7 /* GHZHomeCollectionViewCell.swift */ = {isa = PBXFileReference; fileEncoding = 4; lastKnownFileType = sourcecode.swift; path = GHZHomeCollectionViewCell.swift; sourceTree = "<group>"; };
		D6EA9FB91D3BBEA8005A1093 /* en */ = {isa = PBXFileReference; lastKnownFileType = text.plist.strings; name = en; path = en.lproj/UMSocialLocalizable.strings; sourceTree = "<group>"; };
		D6EA9FBB1D3BBEA8005A1093 /* UMSocial.h */ = {isa = PBXFileReference; fileEncoding = 4; lastKnownFileType = sourcecode.c.h; path = UMSocial.h; sourceTree = "<group>"; };
		D6EA9FBC1D3BBEA8005A1093 /* UMSocialAccountManager.h */ = {isa = PBXFileReference; fileEncoding = 4; lastKnownFileType = sourcecode.c.h; path = UMSocialAccountManager.h; sourceTree = "<group>"; };
		D6EA9FBD1D3BBEA8005A1093 /* UMSocialBar.h */ = {isa = PBXFileReference; fileEncoding = 4; lastKnownFileType = sourcecode.c.h; path = UMSocialBar.h; sourceTree = "<group>"; };
		D6EA9FBE1D3BBEA8005A1093 /* UMSocialConfig.h */ = {isa = PBXFileReference; fileEncoding = 4; lastKnownFileType = sourcecode.c.h; path = UMSocialConfig.h; sourceTree = "<group>"; };
		D6EA9FBF1D3BBEA8005A1093 /* UMSocialControllerService.h */ = {isa = PBXFileReference; fileEncoding = 4; lastKnownFileType = sourcecode.c.h; path = UMSocialControllerService.h; sourceTree = "<group>"; };
		D6EA9FC01D3BBEA8005A1093 /* UMSocialControllerServiceComment.h */ = {isa = PBXFileReference; fileEncoding = 4; lastKnownFileType = sourcecode.c.h; path = UMSocialControllerServiceComment.h; sourceTree = "<group>"; };
		D6EA9FC11D3BBEA8005A1093 /* UMSocialData.h */ = {isa = PBXFileReference; fileEncoding = 4; lastKnownFileType = sourcecode.c.h; path = UMSocialData.h; sourceTree = "<group>"; };
		D6EA9FC21D3BBEA8005A1093 /* UMSocialDataService.h */ = {isa = PBXFileReference; fileEncoding = 4; lastKnownFileType = sourcecode.c.h; path = UMSocialDataService.h; sourceTree = "<group>"; };
		D6EA9FC31D3BBEA8005A1093 /* UMSocialSnsData.h */ = {isa = PBXFileReference; fileEncoding = 4; lastKnownFileType = sourcecode.c.h; path = UMSocialSnsData.h; sourceTree = "<group>"; };
		D6EA9FC41D3BBEA8005A1093 /* UMSocialSnsPlatformManager.h */ = {isa = PBXFileReference; fileEncoding = 4; lastKnownFileType = sourcecode.c.h; path = UMSocialSnsPlatformManager.h; sourceTree = "<group>"; };
		D6EA9FC51D3BBEA8005A1093 /* UMSocialSnsService.h */ = {isa = PBXFileReference; fileEncoding = 4; lastKnownFileType = sourcecode.c.h; path = UMSocialSnsService.h; sourceTree = "<group>"; };
		D6EA9FC61D3BBEA8005A1093 /* libUMSocial_Sdk_5.2.1.a */ = {isa = PBXFileReference; lastKnownFileType = archive.ar; path = libUMSocial_Sdk_5.2.1.a; sourceTree = "<group>"; };
		D6EA9FC81D3BBEA8005A1093 /* UMSCommentDetailController.xib */ = {isa = PBXFileReference; fileEncoding = 4; lastKnownFileType = file.xib; path = UMSCommentDetailController.xib; sourceTree = "<group>"; };
		D6EA9FC91D3BBEA8005A1093 /* UMSCommentInputController.xib */ = {isa = PBXFileReference; fileEncoding = 4; lastKnownFileType = file.xib; path = UMSCommentInputController.xib; sourceTree = "<group>"; };
		D6EA9FCA1D3BBEA8005A1093 /* UMSCommentInputControlleriPad.xib */ = {isa = PBXFileReference; fileEncoding = 4; lastKnownFileType = file.xib; path = UMSCommentInputControlleriPad.xib; sourceTree = "<group>"; };
		D6EA9FCB1D3BBEA8005A1093 /* UMShareEditViewController.xib */ = {isa = PBXFileReference; fileEncoding = 4; lastKnownFileType = file.xib; path = UMShareEditViewController.xib; sourceTree = "<group>"; };
		D6EA9FCC1D3BBEA8005A1093 /* UMShareEditViewControlleriPad.xib */ = {isa = PBXFileReference; fileEncoding = 4; lastKnownFileType = file.xib; path = UMShareEditViewControlleriPad.xib; sourceTree = "<group>"; };
		D6EA9FCD1D3BBEA8005A1093 /* UMSLoginViewController.xib */ = {isa = PBXFileReference; fileEncoding = 4; lastKnownFileType = file.xib; path = UMSLoginViewController.xib; sourceTree = "<group>"; };
		D6EA9FCE1D3BBEA8005A1093 /* UMSnsAccountViewController.xib */ = {isa = PBXFileReference; fileEncoding = 4; lastKnownFileType = file.xib; path = UMSnsAccountViewController.xib; sourceTree = "<group>"; };
		D6EA9FCF1D3BBEA8005A1093 /* UMSShareListController.xib */ = {isa = PBXFileReference; fileEncoding = 4; lastKnownFileType = file.xib; path = UMSShareListController.xib; sourceTree = "<group>"; };
		D6EA9FD01D3BBEA8005A1093 /* UMSocialSDKResourcesNew.bundle */ = {isa = PBXFileReference; lastKnownFileType = "wrapper.plug-in"; path = UMSocialSDKResourcesNew.bundle; sourceTree = "<group>"; };
		D6EA9FD11D3BBEA8005A1093 /* zh-Hans */ = {isa = PBXFileReference; lastKnownFileType = text.plist.strings; name = "zh-Hans"; path = "zh-Hans.lproj/UMSocialLocalizable.strings"; sourceTree = "<group>"; };
		D6EA9FDF1D3BBEBA005A1093 /* libSocialSinaSSO.a */ = {isa = PBXFileReference; lastKnownFileType = archive.ar; path = libSocialSinaSSO.a; sourceTree = "<group>"; };
		D6EA9FE01D3BBEBA005A1093 /* libWeiboSDK.a */ = {isa = PBXFileReference; lastKnownFileType = archive.ar; path = libWeiboSDK.a; sourceTree = "<group>"; };
		D6EA9FE11D3BBEBA005A1093 /* UMSocialSinaSSOHandler.h */ = {isa = PBXFileReference; fileEncoding = 4; lastKnownFileType = sourcecode.c.h; path = UMSocialSinaSSOHandler.h; sourceTree = "<group>"; };
		D6EA9FE21D3BBEBA005A1093 /* WBHttpRequest+WeiboGame.h */ = {isa = PBXFileReference; fileEncoding = 4; lastKnownFileType = sourcecode.c.h; path = "WBHttpRequest+WeiboGame.h"; sourceTree = "<group>"; };
		D6EA9FE31D3BBEBA005A1093 /* WBHttpRequest+WeiboShare.h */ = {isa = PBXFileReference; fileEncoding = 4; lastKnownFileType = sourcecode.c.h; path = "WBHttpRequest+WeiboShare.h"; sourceTree = "<group>"; };
		D6EA9FE41D3BBEBA005A1093 /* WBHttpRequest+WeiboToken.h */ = {isa = PBXFileReference; fileEncoding = 4; lastKnownFileType = sourcecode.c.h; path = "WBHttpRequest+WeiboToken.h"; sourceTree = "<group>"; };
		D6EA9FE51D3BBEBA005A1093 /* WBHttpRequest+WeiboUser.h */ = {isa = PBXFileReference; fileEncoding = 4; lastKnownFileType = sourcecode.c.h; path = "WBHttpRequest+WeiboUser.h"; sourceTree = "<group>"; };
		D6EA9FE61D3BBEBA005A1093 /* WBHttpRequest.h */ = {isa = PBXFileReference; fileEncoding = 4; lastKnownFileType = sourcecode.c.h; path = WBHttpRequest.h; sourceTree = "<group>"; };
		D6EA9FE71D3BBEBA005A1093 /* WBSDKBasicButton.h */ = {isa = PBXFileReference; fileEncoding = 4; lastKnownFileType = sourcecode.c.h; path = WBSDKBasicButton.h; sourceTree = "<group>"; };
		D6EA9FE81D3BBEBA005A1093 /* WBSDKCommentButton.h */ = {isa = PBXFileReference; fileEncoding = 4; lastKnownFileType = sourcecode.c.h; path = WBSDKCommentButton.h; sourceTree = "<group>"; };
		D6EA9FE91D3BBEBA005A1093 /* WBSDKRelationshipButton.h */ = {isa = PBXFileReference; fileEncoding = 4; lastKnownFileType = sourcecode.c.h; path = WBSDKRelationshipButton.h; sourceTree = "<group>"; };
		D6EA9FEA1D3BBEBA005A1093 /* WeiboSDK+Statistics.h */ = {isa = PBXFileReference; fileEncoding = 4; lastKnownFileType = sourcecode.c.h; path = "WeiboSDK+Statistics.h"; sourceTree = "<group>"; };
		D6EA9FEB1D3BBEBA005A1093 /* WeiboSDK.bundle */ = {isa = PBXFileReference; lastKnownFileType = "wrapper.plug-in"; path = WeiboSDK.bundle; sourceTree = "<group>"; };
		D6EA9FEC1D3BBEBA005A1093 /* WeiboSDK.h */ = {isa = PBXFileReference; fileEncoding = 4; lastKnownFileType = sourcecode.c.h; path = WeiboSDK.h; sourceTree = "<group>"; };
		D6EA9FED1D3BBEBA005A1093 /* WeiboUser.h */ = {isa = PBXFileReference; fileEncoding = 4; lastKnownFileType = sourcecode.c.h; path = WeiboUser.h; sourceTree = "<group>"; };
		D6EA9FEF1D3BBEBA005A1093 /* libSocialQQ.a */ = {isa = PBXFileReference; lastKnownFileType = archive.ar; path = libSocialQQ.a; sourceTree = "<group>"; };
		D6EA9FF01D3BBEBA005A1093 /* TencentOpenAPI.framework */ = {isa = PBXFileReference; lastKnownFileType = wrapper.framework; path = TencentOpenAPI.framework; sourceTree = "<group>"; };
		D6EA9FF11D3BBEBA005A1093 /* TencentOpenApi_IOS_Bundle.bundle */ = {isa = PBXFileReference; lastKnownFileType = "wrapper.plug-in"; path = TencentOpenApi_IOS_Bundle.bundle; sourceTree = "<group>"; };
		D6EA9FF21D3BBEBA005A1093 /* UMSocialQQHandler.h */ = {isa = PBXFileReference; fileEncoding = 4; lastKnownFileType = sourcecode.c.h; path = UMSocialQQHandler.h; sourceTree = "<group>"; };
		D6EA9FF41D3BBEBA005A1093 /* libSocialWechat.a */ = {isa = PBXFileReference; lastKnownFileType = archive.ar; path = libSocialWechat.a; sourceTree = "<group>"; };
		D6EA9FF51D3BBEBA005A1093 /* libWeChatSDK.a */ = {isa = PBXFileReference; lastKnownFileType = archive.ar; path = libWeChatSDK.a; sourceTree = "<group>"; };
		D6EA9FF61D3BBEBA005A1093 /* README.txt */ = {isa = PBXFileReference; fileEncoding = 4; lastKnownFileType = text; path = README.txt; sourceTree = "<group>"; };
		D6EA9FF71D3BBEBA005A1093 /* UMSocialWechatHandler.h */ = {isa = PBXFileReference; fileEncoding = 4; lastKnownFileType = sourcecode.c.h; path = UMSocialWechatHandler.h; sourceTree = "<group>"; };
		D6EA9FF81D3BBEBA005A1093 /* WechatAuthSDK.h */ = {isa = PBXFileReference; fileEncoding = 4; lastKnownFileType = sourcecode.c.h; path = WechatAuthSDK.h; sourceTree = "<group>"; };
		D6EA9FF91D3BBEBA005A1093 /* WXApi.h */ = {isa = PBXFileReference; fileEncoding = 4; lastKnownFileType = sourcecode.c.h; path = WXApi.h; sourceTree = "<group>"; };
		D6EA9FFA1D3BBEBA005A1093 /* WXApiObject.h */ = {isa = PBXFileReference; fileEncoding = 4; lastKnownFileType = sourcecode.c.h; path = WXApiObject.h; sourceTree = "<group>"; };
		D6FADE1E1D3DC80E00305104 /* GHZAnimationViewController.swift */ = {isa = PBXFileReference; fileEncoding = 4; lastKnownFileType = sourcecode.swift; path = GHZAnimationViewController.swift; sourceTree = "<group>"; };
		D6FADE241D3DDA5B00305104 /* GHZAddressData.swift */ = {isa = PBXFileReference; fileEncoding = 4; lastKnownFileType = sourcecode.swift; path = GHZAddressData.swift; sourceTree = "<group>"; };
		D6FADE261D3DDB6800305104 /* GHZUserInfo.swift */ = {isa = PBXFileReference; fileEncoding = 4; lastKnownFileType = sourcecode.swift; path = GHZUserInfo.swift; sourceTree = "<group>"; };
		D6FADE281D3DFF1000305104 /* UIBarButtonItem+Extension.swift */ = {isa = PBXFileReference; fileEncoding = 4; lastKnownFileType = sourcecode.swift; path = "UIBarButtonItem+Extension.swift"; sourceTree = "<group>"; };
		D6FADE2A1D3E007500305104 /* GHZCustomButton.swift */ = {isa = PBXFileReference; fileEncoding = 4; lastKnownFileType = sourcecode.swift; path = GHZCustomButton.swift; sourceTree = "<group>"; };
		D6FADE2C1D3E104200305104 /* GHZAddressTitleView.swift */ = {isa = PBXFileReference; fileEncoding = 4; lastKnownFileType = sourcecode.swift; path = GHZAddressTitleView.swift; sourceTree = "<group>"; };
		D6FADE2E1D3E1BB400305104 /* GHZSeletedAddressViewController.swift */ = {isa = PBXFileReference; fileEncoding = 4; lastKnownFileType = sourcecode.swift; path = GHZSeletedAddressViewController.swift; sourceTree = "<group>"; };
		D6FADE311D3E20C800305104 /* GHZSearchProductViewController.swift */ = {isa = PBXFileReference; fileEncoding = 4; lastKnownFileType = sourcecode.swift; path = GHZSearchProductViewController.swift; sourceTree = "<group>"; };
		D6FADE331D3E20EE00305104 /* GHZQRCodeViewController.swift */ = {isa = PBXFileReference; fileEncoding = 4; lastKnownFileType = sourcecode.swift; path = GHZQRCodeViewController.swift; sourceTree = "<group>"; };
		D6FADE351D3E210500305104 /* GHZMyAddressViewController.swift */ = {isa = PBXFileReference; fileEncoding = 4; lastKnownFileType = sourcecode.swift; path = GHZMyAddressViewController.swift; sourceTree = "<group>"; };
		D6FADE381D3E24A100305104 /* GHZCustomCollectionView.swift */ = {isa = PBXFileReference; fileEncoding = 4; lastKnownFileType = sourcecode.swift; path = GHZCustomCollectionView.swift; sourceTree = "<group>"; };
		D6FADE3A1D3E273700305104 /* GHZHomePageFreshHot.swift */ = {isa = PBXFileReference; fileEncoding = 4; lastKnownFileType = sourcecode.swift; path = GHZHomePageFreshHot.swift; sourceTree = "<group>"; };
/* End PBXFileReference section */

/* Begin PBXFrameworksBuildPhase section */
		D69494A71D3BAF1D007B6FBD /* Frameworks */ = {
			isa = PBXFrameworksBuildPhase;
			buildActionMask = 2147483647;
			files = (
				D6E29ADB1D3D0D3000A15AF7 /* SVProgressHUD.framework in Frameworks */,
				D6EA9FFE1D3BBEBA005A1093 /* libSocialQQ.a in Frameworks */,
				D6EA9FFF1D3BBEBA005A1093 /* TencentOpenAPI.framework in Frameworks */,
				D6EAA0021D3BBEBA005A1093 /* libWeChatSDK.a in Frameworks */,
				D6EA9FD31D3BBEA8005A1093 /* libUMSocial_Sdk_5.2.1.a in Frameworks */,
				F3233A8539534A457FAEE2B7 /* Pods_GHZSwiftB.framework in Frameworks */,
				D6EA9FFB1D3BBEBA005A1093 /* libSocialSinaSSO.a in Frameworks */,
				D6EA9FFC1D3BBEBA005A1093 /* libWeiboSDK.a in Frameworks */,
				D6EAA0011D3BBEBA005A1093 /* libSocialWechat.a in Frameworks */,
			);
			runOnlyForDeploymentPostprocessing = 0;
		};
/* End PBXFrameworksBuildPhase section */

/* Begin PBXGroup section */
		432EB7ED7C47CF6BA88BBD9D /* Pods */ = {
			isa = PBXGroup;
			children = (
				5A067F511DF8BE10D385DB83 /* Pods-GHZSwiftB.debug.xcconfig */,
				C8A48957AF03767A6910746D /* Pods-GHZSwiftB.release.xcconfig */,
			);
			name = Pods;
			sourceTree = "<group>";
		};
		9599E06B86E87F10233937EC /* Frameworks */ = {
			isa = PBXGroup;
			children = (
				D620A90E1D3DC20B00535929 /* SDWebImage.framework */,
				D6E29ADA1D3D0D3000A15AF7 /* SVProgressHUD.framework */,
				388B0350FFA0DE6B061E2F32 /* Pods_GHZSwiftB.framework */,
			);
			name = Frameworks;
			sourceTree = "<group>";
		};
		D69494A11D3BAF1D007B6FBD = {
			isa = PBXGroup;
			children = (
				D69494AC1D3BAF1D007B6FBD /* GHZSwiftB */,
				D69494AB1D3BAF1D007B6FBD /* Products */,
				432EB7ED7C47CF6BA88BBD9D /* Pods */,
				9599E06B86E87F10233937EC /* Frameworks */,
			);
			sourceTree = "<group>";
		};
		D69494AB1D3BAF1D007B6FBD /* Products */ = {
			isa = PBXGroup;
			children = (
				D69494AA1D3BAF1D007B6FBD /* GHZSwiftB.app */,
			);
			name = Products;
			sourceTree = "<group>";
		};
		D69494AC1D3BAF1D007B6FBD /* GHZSwiftB */ = {
			isa = PBXGroup;
			children = (
				D69494AD1D3BAF1D007B6FBD /* AppDelegate.swift */,
				D6A452451D3BB30B008B4B3C /* Public.swift */,
				D6A4523B1D3BB0C2008B4B3C /* GHZSwiftB-Bridging-Header.h */,
				D69494BF1D3BAF70007B6FBD /* Classes */,
				D69494B11D3BAF1D007B6FBD /* Main.storyboard */,
				D69494B41D3BAF1E007B6FBD /* Assets.xcassets */,
				D69494B61D3BAF1E007B6FBD /* LaunchScreen.storyboard */,
				D69494B91D3BAF1E007B6FBD /* Info.plist */,
			);
			path = GHZSwiftB;
			sourceTree = "<group>";
		};
		D69494BF1D3BAF70007B6FBD /* Classes */ = {
			isa = PBXGroup;
			children = (
				D69494C01D3BAF70007B6FBD /* Base */,
				D69494C11D3BAF70007B6FBD /* Extension */,
				D69494C21D3BAF70007B6FBD /* Home */,
				D69494C71D3BAF70007B6FBD /* Lib */,
				D69494C81D3BAF70007B6FBD /* Other */,
				D69494C91D3BAF70007B6FBD /* Resouce */,
				D69494DB1D3BAF71007B6FBD /* Tools */,
			);
			path = Classes;
			sourceTree = "<group>";
		};
		D69494C01D3BAF70007B6FBD /* Base */ = {
			isa = PBXGroup;
			children = (
				D6A4523F1D3BB0F4008B4B3C /* GHZBaseViewController.swift */,
				D6A452411D3BB18E008B4B3C /* GHZNavViewController.swift */,
				D6A452561D3BBA34008B4B3C /* GHZTabBarViewController.swift */,
			);
			path = Base;
			sourceTree = "<group>";
		};
		D69494C11D3BAF70007B6FBD /* Extension */ = {
			isa = PBXGroup;
			children = (
				D6A452521D3BB8E0008B4B3C /* UIView+Extension.swift */,
				D6FADE281D3DFF1000305104 /* UIBarButtonItem+Extension.swift */,
				D662428C1D3E2CF1003AFD30 /* UIColor+Extension.swift */,
			);
			path = Extension;
			sourceTree = "<group>";
		};
		D69494C21D3BAF70007B6FBD /* Home */ = {
			isa = PBXGroup;
			children = (
				D69494C31D3BAF70007B6FBD /* HomePage */,
				D69494C61D3BAF70007B6FBD /* SuperMarket */,
				D69494C51D3BAF70007B6FBD /* ShopCart */,
				D69494C41D3BAF70007B6FBD /* Me */,
				D6FADE301D3E209A00305104 /* Assits */,
			);
			path = Home;
			sourceTree = "<group>";
		};
		D69494C31D3BAF70007B6FBD /* HomePage */ = {
			isa = PBXGroup;
			children = (
				D6A452471D3BB498008B4B3C /* GHZHomePageController.swift */,
				D6FADE2E1D3E1BB400305104 /* GHZSeletedAddressViewController.swift */,
				D68D18151D3CFCF100FD1B53 /* GHZHomeWebViewController.swift */,
				D616CBCD1D3E7DDF005159AE /* GHZProductDetailViewController.swift */,
				D6E29ADC1D3D0FC600A15AF7 /* Model */,
				D6E29ADD1D3D0FC600A15AF7 /* View */,
			);
			path = HomePage;
			sourceTree = "<group>";
		};
		D69494C41D3BAF70007B6FBD /* Me */ = {
			isa = PBXGroup;
			children = (
				D6A452491D3BB4A7008B4B3C /* GHZMeController.swift */,
				D6FADE221D3DDA3B00305104 /* Model */,
				D6FADE231D3DDA3B00305104 /* View */,
			);
			path = Me;
			sourceTree = "<group>";
		};
		D69494C51D3BAF70007B6FBD /* ShopCart */ = {
			isa = PBXGroup;
			children = (
				D6A4524B1D3BB4B6008B4B3C /* GHZShopCartController.swift */,
			);
			path = ShopCart;
			sourceTree = "<group>";
		};
		D69494C61D3BAF70007B6FBD /* SuperMarket */ = {
			isa = PBXGroup;
			children = (
				D6A4524D1D3BB4C9008B4B3C /* GHZSuperMarketController.swift */,
			);
			path = SuperMarket;
			sourceTree = "<group>";
		};
		D69494C71D3BAF70007B6FBD /* Lib */ = {
			isa = PBXGroup;
			children = (
				D6EA9FB71D3BBEA8005A1093 /* UMSocial_Sdk_5.2.1 */,
				D6EA9FDD1D3BBEBA005A1093 /* UMSocial_Sdk_Extra_Frameworks */,
			);
			path = Lib;
			sourceTree = "<group>";
		};
		D69494C81D3BAF70007B6FBD /* Other */ = {
			isa = PBXGroup;
			children = (
			);
			path = Other;
			sourceTree = "<group>";
		};
		D69494C91D3BAF70007B6FBD /* Resouce */ = {
			isa = PBXGroup;
			children = (
				D69494CA1D3BAF70007B6FBD /* AD */,
				D69494CB1D3BAF70007B6FBD /* FocusURL.plist */,
				D69494CC1D3BAF70007B6FBD /* HelpPlist.plist */,
				D69494CD1D3BAF70007B6FBD /* Mine */,
				D69494CE1D3BAF70007B6FBD /* MinePlist.plist */,
				D69494CF1D3BAF70007B6FBD /* MyAdress */,
				D69494D01D3BAF70007B6FBD /* MyCoupon */,
				D69494D11D3BAF70007B6FBD /* MyOrders */,
				D69494D21D3BAF71007B6FBD /* Search */,
				D69494D31D3BAF71007B6FBD /* SearchProduct */,
				D69494D41D3BAF71007B6FBD /* supermarket */,
				D69494D51D3BAF71007B6FBD /* SystemMessage */,
				D69494D61D3BAF71007B6FBD /* UserMessage */,
				D69494D71D3BAF71007B6FBD /* 促销 */,
				D69494D81D3BAF71007B6FBD /* 系统消息 */,
				D69494D91D3BAF71007B6FBD /* 首页新鲜热卖 */,
				D69494DA1D3BAF71007B6FBD /* 首页焦点按钮 */,
			);
			path = Resouce;
			sourceTree = "<group>";
		};
		D69494DB1D3BAF71007B6FBD /* Tools */ = {
			isa = PBXGroup;
			children = (
				D6A452541D3BB925008B4B3C /* GHZShopCarRedDotView.swift */,
				D6A452581D3BBADC008B4B3C /* AnimationTabBarController.swift */,
				D6FADE1E1D3DC80E00305104 /* GHZAnimationViewController.swift */,
				D67E2C811D3D1BF100F9CC73 /* GHZCycleScrollView.swift */,
				D67E2C851D3D269500F9CC73 /* GHZ_Extension.swift */,
				D6FADE261D3DDB6800305104 /* GHZUserInfo.swift */,
				D6FADE2A1D3E007500305104 /* GHZCustomButton.swift */,
				D6493B051D3E52F0000E0A29 /* GHZLoadProgressView.swift */,
			);
			path = Tools;
			sourceTree = "<group>";
		};
		D6E29ADC1D3D0FC600A15AF7 /* Model */ = {
			isa = PBXGroup;
			children = (
				D67E2C831D3D1D4300F9CC73 /* GHZHeaderData.swift */,
				D6FADE3A1D3E273700305104 /* GHZHomePageFreshHot.swift */,
			);
			path = Model;
			sourceTree = "<group>";
		};
		D6E29ADD1D3D0FC600A15AF7 /* View */ = {
			isa = PBXGroup;
			children = (
				D6E29ADE1D3D0FC600A15AF7 /* GHZHomeFooterView.swift */,
				D6FADE381D3E24A100305104 /* GHZCustomCollectionView.swift */,
				D6E29AE01D3D0FC600A15AF7 /* GHZHomeHeaderView.swift */,
				D662428E1D3E3E66003AFD30 /* GHZHomeHotView.swift */,
				D66242901D3E41BC003AFD30 /* GHZHomeHotIconImageView.swift */,
				D6E29AE41D3D101F00A15AF7 /* GHZHomeCollectionViewCell.swift */,
				D6FADE2C1D3E104200305104 /* GHZAddressTitleView.swift */,
			);
			path = View;
			sourceTree = "<group>";
		};
		D6EA9FB71D3BBEA8005A1093 /* UMSocial_Sdk_5.2.1 */ = {
			isa = PBXGroup;
			children = (
				D6EA9FB81D3BBEA8005A1093 /* UMSocialLocalizable.strings */,
				D6EA9FBA1D3BBEA8005A1093 /* Header */,
				D6EA9FC61D3BBEA8005A1093 /* libUMSocial_Sdk_5.2.1.a */,
				D6EA9FC71D3BBEA8005A1093 /* SocialSDKXib */,
				D6EA9FD01D3BBEA8005A1093 /* UMSocialSDKResourcesNew.bundle */,
			);
			path = UMSocial_Sdk_5.2.1;
			sourceTree = "<group>";
		};
		D6EA9FBA1D3BBEA8005A1093 /* Header */ = {
			isa = PBXGroup;
			children = (
				D6EA9FBB1D3BBEA8005A1093 /* UMSocial.h */,
				D6EA9FBC1D3BBEA8005A1093 /* UMSocialAccountManager.h */,
				D6EA9FBD1D3BBEA8005A1093 /* UMSocialBar.h */,
				D6EA9FBE1D3BBEA8005A1093 /* UMSocialConfig.h */,
				D6EA9FBF1D3BBEA8005A1093 /* UMSocialControllerService.h */,
				D6EA9FC01D3BBEA8005A1093 /* UMSocialControllerServiceComment.h */,
				D6EA9FC11D3BBEA8005A1093 /* UMSocialData.h */,
				D6EA9FC21D3BBEA8005A1093 /* UMSocialDataService.h */,
				D6EA9FC31D3BBEA8005A1093 /* UMSocialSnsData.h */,
				D6EA9FC41D3BBEA8005A1093 /* UMSocialSnsPlatformManager.h */,
				D6EA9FC51D3BBEA8005A1093 /* UMSocialSnsService.h */,
			);
			path = Header;
			sourceTree = "<group>";
		};
		D6EA9FC71D3BBEA8005A1093 /* SocialSDKXib */ = {
			isa = PBXGroup;
			children = (
				D6EA9FC81D3BBEA8005A1093 /* UMSCommentDetailController.xib */,
				D6EA9FC91D3BBEA8005A1093 /* UMSCommentInputController.xib */,
				D6EA9FCA1D3BBEA8005A1093 /* UMSCommentInputControlleriPad.xib */,
				D6EA9FCB1D3BBEA8005A1093 /* UMShareEditViewController.xib */,
				D6EA9FCC1D3BBEA8005A1093 /* UMShareEditViewControlleriPad.xib */,
				D6EA9FCD1D3BBEA8005A1093 /* UMSLoginViewController.xib */,
				D6EA9FCE1D3BBEA8005A1093 /* UMSnsAccountViewController.xib */,
				D6EA9FCF1D3BBEA8005A1093 /* UMSShareListController.xib */,
			);
			path = SocialSDKXib;
			sourceTree = "<group>";
		};
		D6EA9FDD1D3BBEBA005A1093 /* UMSocial_Sdk_Extra_Frameworks */ = {
			isa = PBXGroup;
			children = (
				D6EA9FDE1D3BBEBA005A1093 /* SinaSSO */,
				D6EA9FEE1D3BBEBA005A1093 /* TencentOpenAPI */,
				D6EA9FF31D3BBEBA005A1093 /* Wechat */,
			);
			path = UMSocial_Sdk_Extra_Frameworks;
			sourceTree = "<group>";
		};
		D6EA9FDE1D3BBEBA005A1093 /* SinaSSO */ = {
			isa = PBXGroup;
			children = (
				D6EA9FDF1D3BBEBA005A1093 /* libSocialSinaSSO.a */,
				D6EA9FE01D3BBEBA005A1093 /* libWeiboSDK.a */,
				D6EA9FE11D3BBEBA005A1093 /* UMSocialSinaSSOHandler.h */,
				D6EA9FE21D3BBEBA005A1093 /* WBHttpRequest+WeiboGame.h */,
				D6EA9FE31D3BBEBA005A1093 /* WBHttpRequest+WeiboShare.h */,
				D6EA9FE41D3BBEBA005A1093 /* WBHttpRequest+WeiboToken.h */,
				D6EA9FE51D3BBEBA005A1093 /* WBHttpRequest+WeiboUser.h */,
				D6EA9FE61D3BBEBA005A1093 /* WBHttpRequest.h */,
				D6EA9FE71D3BBEBA005A1093 /* WBSDKBasicButton.h */,
				D6EA9FE81D3BBEBA005A1093 /* WBSDKCommentButton.h */,
				D6EA9FE91D3BBEBA005A1093 /* WBSDKRelationshipButton.h */,
				D6EA9FEA1D3BBEBA005A1093 /* WeiboSDK+Statistics.h */,
				D6EA9FEB1D3BBEBA005A1093 /* WeiboSDK.bundle */,
				D6EA9FEC1D3BBEBA005A1093 /* WeiboSDK.h */,
				D6EA9FED1D3BBEBA005A1093 /* WeiboUser.h */,
			);
			path = SinaSSO;
			sourceTree = "<group>";
		};
		D6EA9FEE1D3BBEBA005A1093 /* TencentOpenAPI */ = {
			isa = PBXGroup;
			children = (
				D6EA9FEF1D3BBEBA005A1093 /* libSocialQQ.a */,
				D6EA9FF01D3BBEBA005A1093 /* TencentOpenAPI.framework */,
				D6EA9FF11D3BBEBA005A1093 /* TencentOpenApi_IOS_Bundle.bundle */,
				D6EA9FF21D3BBEBA005A1093 /* UMSocialQQHandler.h */,
			);
			path = TencentOpenAPI;
			sourceTree = "<group>";
		};
		D6EA9FF31D3BBEBA005A1093 /* Wechat */ = {
			isa = PBXGroup;
			children = (
				D6EA9FF41D3BBEBA005A1093 /* libSocialWechat.a */,
				D6EA9FF51D3BBEBA005A1093 /* libWeChatSDK.a */,
				D6EA9FF61D3BBEBA005A1093 /* README.txt */,
				D6EA9FF71D3BBEBA005A1093 /* UMSocialWechatHandler.h */,
				D6EA9FF81D3BBEBA005A1093 /* WechatAuthSDK.h */,
				D6EA9FF91D3BBEBA005A1093 /* WXApi.h */,
				D6EA9FFA1D3BBEBA005A1093 /* WXApiObject.h */,
			);
			path = Wechat;
			sourceTree = "<group>";
		};
		D6FADE221D3DDA3B00305104 /* Model */ = {
			isa = PBXGroup;
			children = (
				D6FADE241D3DDA5B00305104 /* GHZAddressData.swift */,
			);
			path = Model;
			sourceTree = "<group>";
		};
		D6FADE231D3DDA3B00305104 /* View */ = {
			isa = PBXGroup;
			children = (
			);
			path = View;
			sourceTree = "<group>";
		};
		D6FADE301D3E209A00305104 /* Assits */ = {
			isa = PBXGroup;
			children = (
				D6FADE311D3E20C800305104 /* GHZSearchProductViewController.swift */,
				D6FADE331D3E20EE00305104 /* GHZQRCodeViewController.swift */,
				D6FADE351D3E210500305104 /* GHZMyAddressViewController.swift */,
			);
			path = Assits;
			sourceTree = "<group>";
		};
/* End PBXGroup section */

/* Begin PBXNativeTarget section */
		D69494A91D3BAF1D007B6FBD /* GHZSwiftB */ = {
			isa = PBXNativeTarget;
			buildConfigurationList = D69494BC1D3BAF1E007B6FBD /* Build configuration list for PBXNativeTarget "GHZSwiftB" */;
			buildPhases = (
				230C31A3DB2166DEFFDB9782 /* 📦 Check Pods Manifest.lock */,
				D69494A61D3BAF1D007B6FBD /* Sources */,
				D69494A71D3BAF1D007B6FBD /* Frameworks */,
				D69494A81D3BAF1D007B6FBD /* Resources */,
				3386810A41A9A4654ABB30A2 /* 📦 Embed Pods Frameworks */,
				1562182F6563EC2CB04D04D7 /* 📦 Copy Pods Resources */,
				D6FADE371D3E235800305104 /* ShellScript */,
			);
			buildRules = (
			);
			dependencies = (
			);
			name = GHZSwiftB;
			productName = GHZSwiftB;
			productReference = D69494AA1D3BAF1D007B6FBD /* GHZSwiftB.app */;
			productType = "com.apple.product-type.application";
		};
/* End PBXNativeTarget section */

/* Begin PBXProject section */
		D69494A21D3BAF1D007B6FBD /* Project object */ = {
			isa = PBXProject;
			attributes = {
				LastSwiftUpdateCheck = 0720;
				LastUpgradeCheck = 0800;
				ORGANIZATIONNAME = "lanou3g-22赵哲";
				TargetAttributes = {
					D69494A91D3BAF1D007B6FBD = {
						CreatedOnToolsVersion = 7.2;
						LastSwiftMigration = 0800;
						ProvisioningStyle = Manual;
					};
				};
			};
			buildConfigurationList = D69494A51D3BAF1D007B6FBD /* Build configuration list for PBXProject "GHZSwiftB" */;
			compatibilityVersion = "Xcode 3.2";
			developmentRegion = English;
			hasScannedForEncodings = 0;
			knownRegions = (
				en,
				Base,
				"zh-Hans",
			);
			mainGroup = D69494A11D3BAF1D007B6FBD;
			productRefGroup = D69494AB1D3BAF1D007B6FBD /* Products */;
			projectDirPath = "";
			projectRoot = "";
			targets = (
				D69494A91D3BAF1D007B6FBD /* GHZSwiftB */,
			);
		};
/* End PBXProject section */

/* Begin PBXResourcesBuildPhase section */
		D69494A81D3BAF1D007B6FBD /* Resources */ = {
			isa = PBXResourcesBuildPhase;
			buildActionMask = 2147483647;
			files = (
				D6EA9FFD1D3BBEBA005A1093 /* WeiboSDK.bundle in Resources */,
				D69494E11D3BAF71007B6FBD /* MyAdress in Resources */,
				D69494B81D3BAF1E007B6FBD /* LaunchScreen.storyboard in Resources */,
				D69494DD1D3BAF71007B6FBD /* FocusURL.plist in Resources */,
				D69494B51D3BAF1E007B6FBD /* Assets.xcassets in Resources */,
				D6EA9FD81D3BBEA8005A1093 /* UMShareEditViewControlleriPad.xib in Resources */,
				D6EA9FD41D3BBEA8005A1093 /* UMSCommentDetailController.xib in Resources */,
				D69494E71D3BAF71007B6FBD /* SystemMessage in Resources */,
				D69494B31D3BAF1D007B6FBD /* Main.storyboard in Resources */,
				D69494E91D3BAF71007B6FBD /* 促销 in Resources */,
				D69494EA1D3BAF71007B6FBD /* 系统消息 in Resources */,
				D6EA9FD51D3BBEA8005A1093 /* UMSCommentInputController.xib in Resources */,
				D69494E51D3BAF71007B6FBD /* SearchProduct in Resources */,
				D6EAA0031D3BBEBA005A1093 /* README.txt in Resources */,
				D69494DF1D3BAF71007B6FBD /* Mine in Resources */,
				D6EA9FDA1D3BBEA8005A1093 /* UMSnsAccountViewController.xib in Resources */,
				D6EA9FD61D3BBEA8005A1093 /* UMSCommentInputControlleriPad.xib in Resources */,
				D6EAA0001D3BBEBA005A1093 /* TencentOpenApi_IOS_Bundle.bundle in Resources */,
				D69494E21D3BAF71007B6FBD /* MyCoupon in Resources */,
				D69494E61D3BAF71007B6FBD /* supermarket in Resources */,
				D69494E31D3BAF71007B6FBD /* MyOrders in Resources */,
				D69494EB1D3BAF71007B6FBD /* 首页新鲜热卖 in Resources */,
				D69494E41D3BAF71007B6FBD /* Search in Resources */,
				D69494EC1D3BAF71007B6FBD /* 首页焦点按钮 in Resources */,
				D69494DE1D3BAF71007B6FBD /* HelpPlist.plist in Resources */,
				D6EA9FDB1D3BBEA8005A1093 /* UMSShareListController.xib in Resources */,
				D69494E01D3BAF71007B6FBD /* MinePlist.plist in Resources */,
				D6EA9FDC1D3BBEA8005A1093 /* UMSocialSDKResourcesNew.bundle in Resources */,
				D69494DC1D3BAF71007B6FBD /* AD in Resources */,
				D6EA9FD91D3BBEA8005A1093 /* UMSLoginViewController.xib in Resources */,
				D69494E81D3BAF71007B6FBD /* UserMessage in Resources */,
				D6EA9FD21D3BBEA8005A1093 /* UMSocialLocalizable.strings in Resources */,
				D6EA9FD71D3BBEA8005A1093 /* UMShareEditViewController.xib in Resources */,
			);
			runOnlyForDeploymentPostprocessing = 0;
		};
/* End PBXResourcesBuildPhase section */

/* Begin PBXShellScriptBuildPhase section */
		1562182F6563EC2CB04D04D7 /* 📦 Copy Pods Resources */ = {
			isa = PBXShellScriptBuildPhase;
			buildActionMask = 2147483647;
			files = (
			);
			inputPaths = (
			);
			name = "📦 Copy Pods Resources";
			outputPaths = (
			);
			runOnlyForDeploymentPostprocessing = 0;
			shellPath = /bin/sh;
			shellScript = "\"${SRCROOT}/Pods/Target Support Files/Pods-GHZSwiftB/Pods-GHZSwiftB-resources.sh\"\n";
			showEnvVarsInLog = 0;
		};
		230C31A3DB2166DEFFDB9782 /* 📦 Check Pods Manifest.lock */ = {
			isa = PBXShellScriptBuildPhase;
			buildActionMask = 2147483647;
			files = (
			);
			inputPaths = (
			);
			name = "📦 Check Pods Manifest.lock";
			outputPaths = (
			);
			runOnlyForDeploymentPostprocessing = 0;
			shellPath = /bin/sh;
			shellScript = "diff \"${PODS_ROOT}/../Podfile.lock\" \"${PODS_ROOT}/Manifest.lock\" > /dev/null\nif [[ $? != 0 ]] ; then\n    cat << EOM\nerror: The sandbox is not in sync with the Podfile.lock. Run 'pod install' or update your CocoaPods installation.\nEOM\n    exit 1\nfi\n";
			showEnvVarsInLog = 0;
		};
		3386810A41A9A4654ABB30A2 /* 📦 Embed Pods Frameworks */ = {
			isa = PBXShellScriptBuildPhase;
			buildActionMask = 2147483647;
			files = (
			);
			inputPaths = (
			);
			name = "📦 Embed Pods Frameworks";
			outputPaths = (
			);
			runOnlyForDeploymentPostprocessing = 0;
			shellPath = /bin/sh;
			shellScript = "\"${SRCROOT}/Pods/Target Support Files/Pods-GHZSwiftB/Pods-GHZSwiftB-frameworks.sh\"\n";
			showEnvVarsInLog = 0;
		};
		D6FADE371D3E235800305104 /* ShellScript */ = {
			isa = PBXShellScriptBuildPhase;
			buildActionMask = 2147483647;
			files = (
			);
			inputPaths = (
			);
			outputPaths = (
			);
			runOnlyForDeploymentPostprocessing = 0;
			shellPath = /bin/sh;
			shellScript = "TAGS=\"TODO:|FIXME:\"\necho \"searching ${SRCROOT} for ${TAGS}\"\nfind \"${SRCROOT}\" \\( -name \"*.swift\" \\) -print0 | xargs -0 egrep --with-filename --line-number --only-matching \"($TAGS).*\\$\" | perl -p -e \"s/($TAGS)/ warning: \\$1/\"";
		};
/* End PBXShellScriptBuildPhase section */

/* Begin PBXSourcesBuildPhase section */
		D69494A61D3BAF1D007B6FBD /* Sources */ = {
			isa = PBXSourcesBuildPhase;
			buildActionMask = 2147483647;
			files = (
				D67E2C821D3D1BF100F9CC73 /* GHZCycleScrollView.swift in Sources */,
				D6493B061D3E52F0000E0A29 /* GHZLoadProgressView.swift in Sources */,
				D6E29AE11D3D0FC600A15AF7 /* GHZHomeFooterView.swift in Sources */,
				D6FADE361D3E210500305104 /* GHZMyAddressViewController.swift in Sources */,
				D6FADE341D3E20EE00305104 /* GHZQRCodeViewController.swift in Sources */,
				D6FADE321D3E20C800305104 /* GHZSearchProductViewController.swift in Sources */,
				D68D18161D3CFCF100FD1B53 /* GHZHomeWebViewController.swift in Sources */,
				D6A452401D3BB0F4008B4B3C /* GHZBaseViewController.swift in Sources */,
				D662428F1D3E3E66003AFD30 /* GHZHomeHotView.swift in Sources */,
				D6FADE251D3DDA5B00305104 /* GHZAddressData.swift in Sources */,
				D6E29AE61D3D101F00A15AF7 /* GHZHomeCollectionViewCell.swift in Sources */,
				D6FADE2D1D3E104200305104 /* GHZAddressTitleView.swift in Sources */,
				D6A452481D3BB498008B4B3C /* GHZHomePageController.swift in Sources */,
				D6FADE1F1D3DC80E00305104 /* GHZAnimationViewController.swift in Sources */,
				D6A452421D3BB18E008B4B3C /* GHZNavViewController.swift in Sources */,
				D6E29AE31D3D0FC600A15AF7 /* GHZHomeHeaderView.swift in Sources */,
				D6FADE271D3DDB6800305104 /* GHZUserInfo.swift in Sources */,
				D6A452591D3BBADC008B4B3C /* AnimationTabBarController.swift in Sources */,
				D6A452461D3BB30B008B4B3C /* Public.swift in Sources */,
				D6A4524E1D3BB4C9008B4B3C /* GHZSuperMarketController.swift in Sources */,
				D6FADE3B1D3E273700305104 /* GHZHomePageFreshHot.swift in Sources */,
				D69494AE1D3BAF1D007B6FBD /* AppDelegate.swift in Sources */,
				D6FADE291D3DFF1000305104 /* UIBarButtonItem+Extension.swift in Sources */,
				D66242911D3E41BC003AFD30 /* GHZHomeHotIconImageView.swift in Sources */,
				D6A4524A1D3BB4A7008B4B3C /* GHZMeController.swift in Sources */,
				D67E2C861D3D269500F9CC73 /* GHZ_Extension.swift in Sources */,
				D662428D1D3E2CF1003AFD30 /* UIColor+Extension.swift in Sources */,
				D616CBCE1D3E7DDF005159AE /* GHZProductDetailViewController.swift in Sources */,
				D6A452571D3BBA34008B4B3C /* GHZTabBarViewController.swift in Sources */,
				D67E2C841D3D1D4300F9CC73 /* GHZHeaderData.swift in Sources */,
				D6A452531D3BB8E0008B4B3C /* UIView+Extension.swift in Sources */,
				D6FADE391D3E24A100305104 /* GHZCustomCollectionView.swift in Sources */,
				D6A452551D3BB925008B4B3C /* GHZShopCarRedDotView.swift in Sources */,
				D6FADE2B1D3E007500305104 /* GHZCustomButton.swift in Sources */,
				D6FADE2F1D3E1BB400305104 /* GHZSeletedAddressViewController.swift in Sources */,
				D6A4524C1D3BB4B6008B4B3C /* GHZShopCartController.swift in Sources */,
			);
			runOnlyForDeploymentPostprocessing = 0;
		};
/* End PBXSourcesBuildPhase section */

/* Begin PBXVariantGroup section */
		D69494B11D3BAF1D007B6FBD /* Main.storyboard */ = {
			isa = PBXVariantGroup;
			children = (
				D69494B21D3BAF1D007B6FBD /* Base */,
			);
			name = Main.storyboard;
			sourceTree = "<group>";
		};
		D69494B61D3BAF1E007B6FBD /* LaunchScreen.storyboard */ = {
			isa = PBXVariantGroup;
			children = (
				D69494B71D3BAF1E007B6FBD /* Base */,
			);
			name = LaunchScreen.storyboard;
			sourceTree = "<group>";
		};
		D6EA9FB81D3BBEA8005A1093 /* UMSocialLocalizable.strings */ = {
			isa = PBXVariantGroup;
			children = (
				D6EA9FB91D3BBEA8005A1093 /* en */,
				D6EA9FD11D3BBEA8005A1093 /* zh-Hans */,
			);
			name = UMSocialLocalizable.strings;
			sourceTree = "<group>";
		};
/* End PBXVariantGroup section */

/* Begin XCBuildConfiguration section */
		D69494BA1D3BAF1E007B6FBD /* Debug */ = {
			isa = XCBuildConfiguration;
			buildSettings = {
				ALWAYS_SEARCH_USER_PATHS = NO;
				CLANG_ANALYZER_LOCALIZABILITY_NONLOCALIZED = YES;
				CLANG_CXX_LANGUAGE_STANDARD = "gnu++0x";
				CLANG_CXX_LIBRARY = "libc++";
				CLANG_ENABLE_MODULES = YES;
				CLANG_ENABLE_OBJC_ARC = YES;
				CLANG_WARN_BOOL_CONVERSION = YES;
				CLANG_WARN_CONSTANT_CONVERSION = YES;
				CLANG_WARN_DIRECT_OBJC_ISA_USAGE = YES_ERROR;
				CLANG_WARN_EMPTY_BODY = YES;
				CLANG_WARN_ENUM_CONVERSION = YES;
				CLANG_WARN_INT_CONVERSION = YES;
				CLANG_WARN_OBJC_ROOT_CLASS = YES_ERROR;
				CLANG_WARN_UNREACHABLE_CODE = YES;
				CLANG_WARN__DUPLICATE_METHOD_MATCH = YES;
				"CODE_SIGN_IDENTITY[sdk=iphoneos*]" = "iPhone Developer";
				COPY_PHASE_STRIP = NO;
				DEBUG_INFORMATION_FORMAT = dwarf;
				ENABLE_STRICT_OBJC_MSGSEND = YES;
				ENABLE_TESTABILITY = YES;
				GCC_C_LANGUAGE_STANDARD = gnu99;
				GCC_DYNAMIC_NO_PIC = NO;
				GCC_NO_COMMON_BLOCKS = YES;
				GCC_OPTIMIZATION_LEVEL = 0;
				GCC_PREPROCESSOR_DEFINITIONS = (
					"DEBUG=1",
					"$(inherited)",
				);
				GCC_WARN_64_TO_32_BIT_CONVERSION = YES;
				GCC_WARN_ABOUT_RETURN_TYPE = YES_ERROR;
				GCC_WARN_UNDECLARED_SELECTOR = YES;
				GCC_WARN_UNINITIALIZED_AUTOS = YES_AGGRESSIVE;
				GCC_WARN_UNUSED_FUNCTION = YES;
				GCC_WARN_UNUSED_VARIABLE = YES;
				IPHONEOS_DEPLOYMENT_TARGET = 9.0;
				MTL_ENABLE_DEBUG_INFO = YES;
				ONLY_ACTIVE_ARCH = YES;
				SDKROOT = iphoneos;
				SWIFT_OPTIMIZATION_LEVEL = "-Onone";
				TARGETED_DEVICE_FAMILY = "1,2";
			};
			name = Debug;
		};
		D69494BB1D3BAF1E007B6FBD /* Release */ = {
			isa = XCBuildConfiguration;
			buildSettings = {
				ALWAYS_SEARCH_USER_PATHS = NO;
				CLANG_ANALYZER_LOCALIZABILITY_NONLOCALIZED = YES;
				CLANG_CXX_LANGUAGE_STANDARD = "gnu++0x";
				CLANG_CXX_LIBRARY = "libc++";
				CLANG_ENABLE_MODULES = YES;
				CLANG_ENABLE_OBJC_ARC = YES;
				CLANG_WARN_BOOL_CONVERSION = YES;
				CLANG_WARN_CONSTANT_CONVERSION = YES;
				CLANG_WARN_DIRECT_OBJC_ISA_USAGE = YES_ERROR;
				CLANG_WARN_EMPTY_BODY = YES;
				CLANG_WARN_ENUM_CONVERSION = YES;
				CLANG_WARN_INT_CONVERSION = YES;
				CLANG_WARN_OBJC_ROOT_CLASS = YES_ERROR;
				CLANG_WARN_UNREACHABLE_CODE = YES;
				CLANG_WARN__DUPLICATE_METHOD_MATCH = YES;
				"CODE_SIGN_IDENTITY[sdk=iphoneos*]" = "iPhone Developer";
				COPY_PHASE_STRIP = NO;
				DEBUG_INFORMATION_FORMAT = "dwarf-with-dsym";
				ENABLE_NS_ASSERTIONS = NO;
				ENABLE_STRICT_OBJC_MSGSEND = YES;
				GCC_C_LANGUAGE_STANDARD = gnu99;
				GCC_NO_COMMON_BLOCKS = YES;
				GCC_WARN_64_TO_32_BIT_CONVERSION = YES;
				GCC_WARN_ABOUT_RETURN_TYPE = YES_ERROR;
				GCC_WARN_UNDECLARED_SELECTOR = YES;
				GCC_WARN_UNINITIALIZED_AUTOS = YES_AGGRESSIVE;
				GCC_WARN_UNUSED_FUNCTION = YES;
				GCC_WARN_UNUSED_VARIABLE = YES;
				IPHONEOS_DEPLOYMENT_TARGET = 9.0;
				MTL_ENABLE_DEBUG_INFO = NO;
				SDKROOT = iphoneos;
				TARGETED_DEVICE_FAMILY = "1,2";
				VALIDATE_PRODUCT = YES;
			};
			name = Release;
		};
		D69494BD1D3BAF1E007B6FBD /* Debug */ = {
			isa = XCBuildConfiguration;
			baseConfigurationReference = 5A067F511DF8BE10D385DB83 /* Pods-GHZSwiftB.debug.xcconfig */;
			buildSettings = {
				ASSETCATALOG_COMPILER_APPICON_NAME = AppIcon;
				CLANG_ENABLE_MODULES = YES;
				CODE_SIGN_IDENTITY = "iPhone Developer";
				FRAMEWORK_SEARCH_PATHS = (
					"$(inherited)",
					"$(PROJECT_DIR)/GHZSwiftB/Classes/Lib/UMSocial_Sdk_Extra_Frameworks/TencentOpenAPI",
				);
				INFOPLIST_FILE = GHZSwiftB/Info.plist;
				IPHONEOS_DEPLOYMENT_TARGET = 8.0;
				LD_RUNPATH_SEARCH_PATHS = "$(inherited) @executable_path/Frameworks";
				LIBRARY_SEARCH_PATHS = (
					"$(inherited)",
					"$(PROJECT_DIR)/GHZSwiftB/Classes/Lib/UMSocial_Sdk_5.2.1",
					"$(PROJECT_DIR)/GHZSwiftB/Classes/Lib/UMSocial_Sdk_Extra_Frameworks/SinaSSO",
					"$(PROJECT_DIR)/GHZSwiftB/Classes/Lib/UMSocial_Sdk_Extra_Frameworks/TencentOpenAPI",
					"$(PROJECT_DIR)/GHZSwiftB/Classes/Lib/UMSocial_Sdk_Extra_Frameworks/Wechat",
				);
				PRODUCT_BUNDLE_IDENTIFIER = com.GHZSwiftB;
				PRODUCT_NAME = "$(TARGET_NAME)";
				SWIFT_OBJC_BRIDGING_HEADER = "GHZSwiftB/GHZSwiftB-Bridging-Header.h";
				SWIFT_OPTIMIZATION_LEVEL = "-Onone";
				SWIFT_VERSION = 3.0;
				TARGETED_DEVICE_FAMILY = 1;
			};
			name = Debug;
		};
		D69494BE1D3BAF1E007B6FBD /* Release */ = {
			isa = XCBuildConfiguration;
			baseConfigurationReference = C8A48957AF03767A6910746D /* Pods-GHZSwiftB.release.xcconfig */;
			buildSettings = {
				ASSETCATALOG_COMPILER_APPICON_NAME = AppIcon;
				CLANG_ENABLE_MODULES = YES;
				CODE_SIGN_IDENTITY = "iPhone Developer";
				FRAMEWORK_SEARCH_PATHS = (
					"$(inherited)",
					"$(PROJECT_DIR)/GHZSwiftB/Classes/Lib/UMSocial_Sdk_Extra_Frameworks/TencentOpenAPI",
				);
				INFOPLIST_FILE = GHZSwiftB/Info.plist;
				IPHONEOS_DEPLOYMENT_TARGET = 8.0;
				LD_RUNPATH_SEARCH_PATHS = "$(inherited) @executable_path/Frameworks";
				LIBRARY_SEARCH_PATHS = (
					"$(inherited)",
					"$(PROJECT_DIR)/GHZSwiftB/Classes/Lib/UMSocial_Sdk_5.2.1",
					"$(PROJECT_DIR)/GHZSwiftB/Classes/Lib/UMSocial_Sdk_Extra_Frameworks/SinaSSO",
					"$(PROJECT_DIR)/GHZSwiftB/Classes/Lib/UMSocial_Sdk_Extra_Frameworks/TencentOpenAPI",
					"$(PROJECT_DIR)/GHZSwiftB/Classes/Lib/UMSocial_Sdk_Extra_Frameworks/Wechat",
				);
				PRODUCT_BUNDLE_IDENTIFIER = com.GHZSwiftB;
				PRODUCT_NAME = "$(TARGET_NAME)";
				SWIFT_OBJC_BRIDGING_HEADER = "GHZSwiftB/GHZSwiftB-Bridging-Header.h";
				SWIFT_OPTIMIZATION_LEVEL = "-Owholemodule";
				SWIFT_VERSION = 3.0;
				TARGETED_DEVICE_FAMILY = 1;
			};
			name = Release;
		};
/* End XCBuildConfiguration section */

/* Begin XCConfigurationList section */
		D69494A51D3BAF1D007B6FBD /* Build configuration list for PBXProject "GHZSwiftB" */ = {
			isa = XCConfigurationList;
			buildConfigurations = (
				D69494BA1D3BAF1E007B6FBD /* Debug */,
				D69494BB1D3BAF1E007B6FBD /* Release */,
			);
			defaultConfigurationIsVisible = 0;
			defaultConfigurationName = Release;
		};
		D69494BC1D3BAF1E007B6FBD /* Build configuration list for PBXNativeTarget "GHZSwiftB" */ = {
			isa = XCConfigurationList;
			buildConfigurations = (
				D69494BD1D3BAF1E007B6FBD /* Debug */,
				D69494BE1D3BAF1E007B6FBD /* Release */,
			);
			defaultConfigurationIsVisible = 0;
			defaultConfigurationName = Release;
		};
/* End XCConfigurationList section */
	};
	rootObject = D69494A21D3BAF1D007B6FBD /* Project object */;
}
